PODS:
  - Alamofire (4.7.2)
  - BEMCheckBox (1.4.1)
  - CountdownLabel (3.0.0)
  - Eureka (4.1.1)
  - GoogleMaps (2.7.0):
    - GoogleMaps/Maps (= 2.7.0)
  - GoogleMaps/Base (2.7.0)
  - GoogleMaps/Maps (2.7.0):
    - GoogleMaps/Base
  - RAMAnimatedTabBarController (3.2.0)
  - SDWebImage (4.3.3):
    - SDWebImage/Core (= 4.3.3)
  - SDWebImage/Core (4.3.3)
  - SQLite.swift (0.11.4):
    - SQLite.swift/standard (= 0.11.4)
  - SQLite.swift/standard (0.11.4)
  - SwiftyJSON (4.1.0)
  - YandexMapKit (3.0.0):
    - YandexRuntime (~> 3.0)
  - YandexRuntime (3.0.0)

DEPENDENCIES:
  - Alamofire
  - BEMCheckBox
  - CountdownLabel
  - Eureka (from `https://github.com/xmartlabs/Eureka.git`, branch `master`)
  - GoogleMaps
  - RAMAnimatedTabBarController
  - SDWebImage
  - SQLite.swift (= 0.11.4)
  - SwiftyJSON
  - YandexMapKit

EXTERNAL SOURCES:
  Eureka:
    :branch: master
    :git: https://github.com/xmartlabs/Eureka.git

CHECKOUT OPTIONS:
  Eureka:
    :commit: 7ff787608e792d27293a9db1b9189403c14f1145
    :git: https://github.com/xmartlabs/Eureka.git

SPEC CHECKSUMS:
  Alamofire: e4fa87002c137ba2d8d634d2c51fabcda0d5c223
  BEMCheckBox: 5ba6e37ade3d3657b36caecc35c8b75c6c2b1a4e
  CountdownLabel: 4534a68892b1deb73fda18702dfdc2c8444cec08
  Eureka: b88fb930e42c79f8c03c373d0fcdc28c1d6c50ed
  GoogleMaps: f79af95cb24d869457b1f961c93d3ce8b2f3b848
  RAMAnimatedTabBarController: 0499157f67053a21bcccb52a25dd3c6ecdbfb4f6
  SDWebImage: de4d90b5bff3571eae7bd16202b1f43135409fa5
  SQLite.swift: 3e3bee21da701b5b9f87c4a672cb54f233505692
  SwiftyJSON: c29297daf073d2aa016295d5809cdd68045c39b3
  YandexMapKit: c32b57caf297c610917d6f4b66e416f07f1ca894
  YandexRuntime: 3922beb365a8f0c8ff9bd7ee914eae3efbb8103b

PODFILE CHECKSUM: 20442a5e5416a7c04c7252ee7d59c9e092eae3fa

COCOAPODS: 1.2.0
